
Microsoft Visual Studio Solution File, Format Version 12.00
# Visual Studio Version 17
VisualStudioVersion = 17.14.36717.8 d17.14
MinimumVisualStudioVersion = 10.0.40219.1
Project("{FAE04EC0-301F-11D3-BF4B-00C04F79EFBC}") = "CollectionExampleProject", "CollectionExampleProject\CollectionExampleProject.csproj", "{F10A5F24-41A0-432E-AF16-A3BE19674601}"
EndProject
Global
	GlobalSection(SolutionConfigurationPlatforms) = preSolution
		Debug|Any CPU = Debug|Any CPU
		Release|Any CPU = Release|Any CPU
	EndGlobalSection
	GlobalSection(ProjectConfigurationPlatforms) = postSolution
		{F10A5F24-41A0-432E-AF16-A3BE19674601}.Debug|Any CPU.ActiveCfg = Debug|Any CPU
		{F10A5F24-41A0-432E-AF16-A3BE19674601}.Debug|Any CPU.Build.0 = Debug|Any CPU
		{F10A5F24-41A0-432E-AF16-A3BE19674601}.Release|Any CPU.ActiveCfg = Release|Any CPU
		{F10A5F24-41A0-432E-AF16-A3BE19674601}.Release|Any CPU.Build.0 = Release|Any CPU
	EndGlobalSection
	GlobalSection(SolutionProperties) = preSolution
		HideSolutionNode = FALSE
	EndGlobalSection
	GlobalSection(ExtensibilityGlobals) = postSolution
		SolutionGuid = {D05C5911-431A-4DE6-A764-071D8B814705}
	EndGlobalSection
EndGlobal
